
Microsoft Visual Studio Solution File, Format Version 12.00
# Visual Studio Version 16
VisualStudioVersion = 16.0.31702.278
MinimumVisualStudioVersion = 10.0.40219.1
Project("{FAE04EC0-301F-11D3-BF4B-00C04F79EFBC}") = "NT.SPC.DataBank", "NT.SPC.DataBank\NT.SPC.DataBank.csproj", "{2B562A12-41A6-4C1C-8A6E-721D7CE6A3BD}"
EndProject
Project("{FAE04EC0-301F-11D3-BF4B-00C04F79EFBC}") = "NT.SPC.OPCUA.Client", "NT.SPC.OPCUA.Client\NT.SPC.OPCUA.Client.csproj", "{146584BC-CF38-40A2-B0C0-67C596239D49}"
EndProject
Project("{FAE04EC0-301F-11D3-BF4B-00C04F79EFBC}") = "NT.SPC.OPCUA.Server", "NT.SPC.OPCUA.Server\NT.SPC.OPCUA.Server.csproj", "{5DEFF9B1-DA89-455D-83E5-E5B7256B6E6C}"
EndProject
Project("{FAE04EC0-301F-11D3-BF4B-00C04F79EFBC}") = "NT.SPC.ServerConfig", "NT.SPC.ServerConfig\NT.SPC.ServerConfig.csproj", "{76524441-ABB7-409B-BEED-6816F15D61F1}"
EndProject
Project("{2150E333-8FDC-42A3-9474-1A3956D46DE8}") = "Driver", "Driver", "{B2CB6646-BBD7-425B-A891-DC3CD245DAE5}"
EndProject
Project("{FAE04EC0-301F-11D3-BF4B-00C04F79EFBC}") = "NT.DevcieDriver.Wilde", "NT.SPC.DevcieDriver\NT.DevcieDriver.Wilde\NT.DevcieDriver.Wilde.csproj", "{A787909E-6A1D-4773-AE7C-D98D7931B9EB}"
EndProject
Project("{FAE04EC0-301F-11D3-BF4B-00C04F79EFBC}") = "NT.DeviceDriver.Beta", "NT.SPC.DevcieDriver\NT.DeviceDriver.Beta\NT.DeviceDriver.Beta.csproj", "{F51DB8E5-114D-43A1-848B-E30ECE8597F3}"
EndProject
Project("{FAE04EC0-301F-11D3-BF4B-00C04F79EFBC}") = "NT.DeviceDriver.Modbus", "NT.SPC.DevcieDriver\NT.DeviceDriver.Modbus\NT.DeviceDriver.Modbus.csproj", "{E785238A-CA97-4357-A896-0E6EB63D6EA6}"
EndProject
Project("{FAE04EC0-301F-11D3-BF4B-00C04F79EFBC}") = "NT.DeviceDriver.Siemens", "NT.SPC.DevcieDriver\NT.DeviceDriver.Siemens\NT.DeviceDriver.Siemens.csproj", "{877560D7-BF3C-46E3-8866-EB0A848EB9C1}"
EndProject
Project("{FAE04EC0-301F-11D3-BF4B-00C04F79EFBC}") = "NT.DeviceDriver.Sikora", "NT.SPC.DevcieDriver\NT.DeviceDriver.Sikora\NT.DeviceDriver.Sikora.csproj", "{AC2C4A9C-F7B8-4CF2-BCAF-09E5DDC3950C}"
EndProject
Project("{FAE04EC0-301F-11D3-BF4B-00C04F79EFBC}") = "NT.DeviceDriver.Takikawa", "NT.SPC.DevcieDriver\NT.DeviceDriver.Takikawa\NT.DeviceDriver.Takikawa.csproj", "{1096F95E-9243-4A83-B49D-4C7CA08953B0}"
EndProject
Project("{FAE04EC0-301F-11D3-BF4B-00C04F79EFBC}") = "NT.DeviceDriver.Zumbach", "NT.SPC.DevcieDriver\NT.DeviceDriver.Zumbach\NT.DeviceDriver.Zumbach.csproj", "{C6355E51-EA29-4F63-AA5A-95D662984472}"
EndProject
Project("{2150E333-8FDC-42A3-9474-1A3956D46DE8}") = "App", "App", "{6A4F5C05-40CC-4A59-95D7-D3ACC2389975}"
EndProject
Project("{2150E333-8FDC-42A3-9474-1A3956D46DE8}") = "Service", "Service", "{58FB94D9-06FA-434B-89B7-62F2D3D006DD}"
EndProject
Project("{2150E333-8FDC-42A3-9474-1A3956D46DE8}") = "Tools", "Tools", "{56085520-CDDE-4619-B1A9-3B7A882F4830}"
EndProject
Project("{FAE04EC0-301F-11D3-BF4B-00C04F79EFBC}") = "NT.Tools.Common", "NT.Tools.Common\NT.Tools.Common.csproj", "{2950A89E-62B6-4813-9000-2774DC6A5E92}"
EndProject
Project("{FAE04EC0-301F-11D3-BF4B-00C04F79EFBC}") = "NT.Tools.Log", "NT.Tools.Log\NT.Tools.Log.csproj", "{C0B55752-5B78-48D5-9448-A0A029F12941}"
EndProject
Project("{FAE04EC0-301F-11D3-BF4B-00C04F79EFBC}") = "NT.SPC.DataServer", "NT.SPC.DataServer\NT.SPC.DataServer.csproj", "{42BFADB0-0F5C-4529-9F94-5B2CE19597DC}"
EndProject
Global
	GlobalSection(SolutionConfigurationPlatforms) = preSolution
		Debug|Any CPU = Debug|Any CPU
		Debug|x64 = Debug|x64
		Debug|x86 = Debug|x86
		Release|Any CPU = Release|Any CPU
		Release|x64 = Release|x64
		Release|x86 = Release|x86
	EndGlobalSection
	GlobalSection(ProjectConfigurationPlatforms) = postSolution
		{2B562A12-41A6-4C1C-8A6E-721D7CE6A3BD}.Debug|Any CPU.ActiveCfg = Debug|Any CPU
		{2B562A12-41A6-4C1C-8A6E-721D7CE6A3BD}.Debug|Any CPU.Build.0 = Debug|Any CPU
		{2B562A12-41A6-4C1C-8A6E-721D7CE6A3BD}.Debug|x64.ActiveCfg = Debug|Any CPU
		{2B562A12-41A6-4C1C-8A6E-721D7CE6A3BD}.Debug|x64.Build.0 = Debug|Any CPU
		{2B562A12-41A6-4C1C-8A6E-721D7CE6A3BD}.Debug|x86.ActiveCfg = Debug|x86
		{2B562A12-41A6-4C1C-8A6E-721D7CE6A3BD}.Debug|x86.Build.0 = Debug|x86
		{2B562A12-41A6-4C1C-8A6E-721D7CE6A3BD}.Release|Any CPU.ActiveCfg = Release|Any CPU
		{2B562A12-41A6-4C1C-8A6E-721D7CE6A3BD}.Release|Any CPU.Build.0 = Release|Any CPU
		{2B562A12-41A6-4C1C-8A6E-721D7CE6A3BD}.Release|x64.ActiveCfg = Release|Any CPU
		{2B562A12-41A6-4C1C-8A6E-721D7CE6A3BD}.Release|x64.Build.0 = Release|Any CPU
		{2B562A12-41A6-4C1C-8A6E-721D7CE6A3BD}.Release|x86.ActiveCfg = Release|x86
		{2B562A12-41A6-4C1C-8A6E-721D7CE6A3BD}.Release|x86.Build.0 = Release|x86
		{146584BC-CF38-40A2-B0C0-67C596239D49}.Debug|Any CPU.ActiveCfg = Debug|Any CPU
		{146584BC-CF38-40A2-B0C0-67C596239D49}.Debug|Any CPU.Build.0 = Debug|Any CPU
		{146584BC-CF38-40A2-B0C0-67C596239D49}.Debug|x64.ActiveCfg = Debug|Any CPU
		{146584BC-CF38-40A2-B0C0-67C596239D49}.Debug|x64.Build.0 = Debug|Any CPU
		{146584BC-CF38-40A2-B0C0-67C596239D49}.Debug|x86.ActiveCfg = Debug|x86
		{146584BC-CF38-40A2-B0C0-67C596239D49}.Debug|x86.Build.0 = Debug|x86
		{146584BC-CF38-40A2-B0C0-67C596239D49}.Release|Any CPU.ActiveCfg = Release|Any CPU
		{146584BC-CF38-40A2-B0C0-67C596239D49}.Release|Any CPU.Build.0 = Release|Any CPU
		{146584BC-CF38-40A2-B0C0-67C596239D49}.Release|x64.ActiveCfg = Release|Any CPU
		{146584BC-CF38-40A2-B0C0-67C596239D49}.Release|x64.Build.0 = Release|Any CPU
		{146584BC-CF38-40A2-B0C0-67C596239D49}.Release|x86.ActiveCfg = Release|x86
		{146584BC-CF38-40A2-B0C0-67C596239D49}.Release|x86.Build.0 = Release|x86
		{5DEFF9B1-DA89-455D-83E5-E5B7256B6E6C}.Debug|Any CPU.ActiveCfg = Debug|Any CPU
		{5DEFF9B1-DA89-455D-83E5-E5B7256B6E6C}.Debug|Any CPU.Build.0 = Debug|Any CPU
		{5DEFF9B1-DA89-455D-83E5-E5B7256B6E6C}.Debug|x64.ActiveCfg = Debug|Any CPU
		{5DEFF9B1-DA89-455D-83E5-E5B7256B6E6C}.Debug|x64.Build.0 = Debug|Any CPU
		{5DEFF9B1-DA89-455D-83E5-E5B7256B6E6C}.Debug|x86.ActiveCfg = Debug|x86
		{5DEFF9B1-DA89-455D-83E5-E5B7256B6E6C}.Debug|x86.Build.0 = Debug|x86
		{5DEFF9B1-DA89-455D-83E5-E5B7256B6E6C}.Release|Any CPU.ActiveCfg = Release|Any CPU
		{5DEFF9B1-DA89-455D-83E5-E5B7256B6E6C}.Release|Any CPU.Build.0 = Release|Any CPU
		{5DEFF9B1-DA89-455D-83E5-E5B7256B6E6C}.Release|x64.ActiveCfg = Release|Any CPU
		{5DEFF9B1-DA89-455D-83E5-E5B7256B6E6C}.Release|x64.Build.0 = Release|Any CPU
		{5DEFF9B1-DA89-455D-83E5-E5B7256B6E6C}.Release|x86.ActiveCfg = Release|x86
		{5DEFF9B1-DA89-455D-83E5-E5B7256B6E6C}.Release|x86.Build.0 = Release|x86
		{76524441-ABB7-409B-BEED-6816F15D61F1}.Debug|Any CPU.ActiveCfg = Debug|Any CPU
		{76524441-ABB7-409B-BEED-6816F15D61F1}.Debug|Any CPU.Build.0 = Debug|Any CPU
		{76524441-ABB7-409B-BEED-6816F15D61F1}.Debug|x64.ActiveCfg = Debug|Any CPU
		{76524441-ABB7-409B-BEED-6816F15D61F1}.Debug|x64.Build.0 = Debug|Any CPU
		{76524441-ABB7-409B-BEED-6816F15D61F1}.Debug|x86.ActiveCfg = Debug|x86
		{76524441-ABB7-409B-BEED-6816F15D61F1}.Debug|x86.Build.0 = Debug|x86
		{76524441-ABB7-409B-BEED-6816F15D61F1}.Release|Any CPU.ActiveCfg = Release|Any CPU
		{76524441-ABB7-409B-BEED-6816F15D61F1}.Release|Any CPU.Build.0 = Release|Any CPU
		{76524441-ABB7-409B-BEED-6816F15D61F1}.Release|x64.ActiveCfg = Release|Any CPU
		{76524441-ABB7-409B-BEED-6816F15D61F1}.Release|x64.Build.0 = Release|Any CPU
		{76524441-ABB7-409B-BEED-6816F15D61F1}.Release|x86.ActiveCfg = Release|x86
		{76524441-ABB7-409B-BEED-6816F15D61F1}.Release|x86.Build.0 = Release|x86
		{A787909E-6A1D-4773-AE7C-D98D7931B9EB}.Debug|Any CPU.ActiveCfg = Debug|Any CPU
		{A787909E-6A1D-4773-AE7C-D98D7931B9EB}.Debug|Any CPU.Build.0 = Debug|Any CPU
		{A787909E-6A1D-4773-AE7C-D98D7931B9EB}.Debug|x64.ActiveCfg = Debug|Any CPU
		{A787909E-6A1D-4773-AE7C-D98D7931B9EB}.Debug|x64.Build.0 = Debug|Any CPU
		{A787909E-6A1D-4773-AE7C-D98D7931B9EB}.Debug|x86.ActiveCfg = Debug|x86
		{A787909E-6A1D-4773-AE7C-D98D7931B9EB}.Debug|x86.Build.0 = Debug|x86
		{A787909E-6A1D-4773-AE7C-D98D7931B9EB}.Release|Any CPU.ActiveCfg = Release|Any CPU
		{A787909E-6A1D-4773-AE7C-D98D7931B9EB}.Release|Any CPU.Build.0 = Release|Any CPU
		{A787909E-6A1D-4773-AE7C-D98D7931B9EB}.Release|x64.ActiveCfg = Release|Any CPU
		{A787909E-6A1D-4773-AE7C-D98D7931B9EB}.Release|x64.Build.0 = Release|Any CPU
		{A787909E-6A1D-4773-AE7C-D98D7931B9EB}.Release|x86.ActiveCfg = Release|x86
		{A787909E-6A1D-4773-AE7C-D98D7931B9EB}.Release|x86.Build.0 = Release|x86
		{F51DB8E5-114D-43A1-848B-E30ECE8597F3}.Debug|Any CPU.ActiveCfg = Debug|Any CPU
		{F51DB8E5-114D-43A1-848B-E30ECE8597F3}.Debug|Any CPU.Build.0 = Debug|Any CPU
		{F51DB8E5-114D-43A1-848B-E30ECE8597F3}.Debug|x64.ActiveCfg = Debug|Any CPU
		{F51DB8E5-114D-43A1-848B-E30ECE8597F3}.Debug|x64.Build.0 = Debug|Any CPU
		{F51DB8E5-114D-43A1-848B-E30ECE8597F3}.Debug|x86.ActiveCfg = Debug|x86
		{F51DB8E5-114D-43A1-848B-E30ECE8597F3}.Debug|x86.Build.0 = Debug|x86
		{F51DB8E5-114D-43A1-848B-E30ECE8597F3}.Release|Any CPU.ActiveCfg = Release|Any CPU
		{F51DB8E5-114D-43A1-848B-E30ECE8597F3}.Release|Any CPU.Build.0 = Release|Any CPU
		{F51DB8E5-114D-43A1-848B-E30ECE8597F3}.Release|x64.ActiveCfg = Release|Any CPU
		{F51DB8E5-114D-43A1-848B-E30ECE8597F3}.Release|x64.Build.0 = Release|Any CPU
		{F51DB8E5-114D-43A1-848B-E30ECE8597F3}.Release|x86.ActiveCfg = Release|x86
		{F51DB8E5-114D-43A1-848B-E30ECE8597F3}.Release|x86.Build.0 = Release|x86
		{E785238A-CA97-4357-A896-0E6EB63D6EA6}.Debug|Any CPU.ActiveCfg = Debug|Any CPU
		{E785238A-CA97-4357-A896-0E6EB63D6EA6}.Debug|Any CPU.Build.0 = Debug|Any CPU
		{E785238A-CA97-4357-A896-0E6EB63D6EA6}.Debug|x64.ActiveCfg = Debug|Any CPU
		{E785238A-CA97-4357-A896-0E6EB63D6EA6}.Debug|x64.Build.0 = Debug|Any CPU
		{E785238A-CA97-4357-A896-0E6EB63D6EA6}.Debug|x86.ActiveCfg = Debug|x86
		{E785238A-CA97-4357-A896-0E6EB63D6EA6}.Debug|x86.Build.0 = Debug|x86
		{E785238A-CA97-4357-A896-0E6EB63D6EA6}.Release|Any CPU.ActiveCfg = Release|Any CPU
		{E785238A-CA97-4357-A896-0E6EB63D6EA6}.Release|Any CPU.Build.0 = Release|Any CPU
		{E785238A-CA97-4357-A896-0E6EB63D6EA6}.Release|x64.ActiveCfg = Release|Any CPU
		{E785238A-CA97-4357-A896-0E6EB63D6EA6}.Release|x64.Build.0 = Release|Any CPU
		{E785238A-CA97-4357-A896-0E6EB63D6EA6}.Release|x86.ActiveCfg = Release|x86
		{E785238A-CA97-4357-A896-0E6EB63D6EA6}.Release|x86.Build.0 = Release|x86
		{877560D7-BF3C-46E3-8866-EB0A848EB9C1}.Debug|Any CPU.ActiveCfg = Debug|Any CPU
		{877560D7-BF3C-46E3-8866-EB0A848EB9C1}.Debug|Any CPU.Build.0 = Debug|Any CPU
		{877560D7-BF3C-46E3-8866-EB0A848EB9C1}.Debug|x64.ActiveCfg = Debug|Any CPU
		{877560D7-BF3C-46E3-8866-EB0A848EB9C1}.Debug|x64.Build.0 = Debug|Any CPU
		{877560D7-BF3C-46E3-8866-EB0A848EB9C1}.Debug|x86.ActiveCfg = Debug|x86
		{877560D7-BF3C-46E3-8866-EB0A848EB9C1}.Debug|x86.Build.0 = Debug|x86
		{877560D7-BF3C-46E3-8866-EB0A848EB9C1}.Release|Any CPU.ActiveCfg = Release|Any CPU
		{877560D7-BF3C-46E3-8866-EB0A848EB9C1}.Release|Any CPU.Build.0 = Release|Any CPU
		{877560D7-BF3C-46E3-8866-EB0A848EB9C1}.Release|x64.ActiveCfg = Release|Any CPU
		{877560D7-BF3C-46E3-8866-EB0A848EB9C1}.Release|x64.Build.0 = Release|Any CPU
		{877560D7-BF3C-46E3-8866-EB0A848EB9C1}.Release|x86.ActiveCfg = Release|x86
		{877560D7-BF3C-46E3-8866-EB0A848EB9C1}.Release|x86.Build.0 = Release|x86
		{AC2C4A9C-F7B8-4CF2-BCAF-09E5DDC3950C}.Debug|Any CPU.ActiveCfg = Debug|Any CPU
		{AC2C4A9C-F7B8-4CF2-BCAF-09E5DDC3950C}.Debug|Any CPU.Build.0 = Debug|Any CPU
		{AC2C4A9C-F7B8-4CF2-BCAF-09E5DDC3950C}.Debug|x64.ActiveCfg = Debug|Any CPU
		{AC2C4A9C-F7B8-4CF2-BCAF-09E5DDC3950C}.Debug|x64.Build.0 = Debug|Any CPU
		{AC2C4A9C-F7B8-4CF2-BCAF-09E5DDC3950C}.Debug|x86.ActiveCfg = Debug|x86
		{AC2C4A9C-F7B8-4CF2-BCAF-09E5DDC3950C}.Debug|x86.Build.0 = Debug|x86
		{AC2C4A9C-F7B8-4CF2-BCAF-09E5DDC3950C}.Release|Any CPU.ActiveCfg = Release|Any CPU
		{AC2C4A9C-F7B8-4CF2-BCAF-09E5DDC3950C}.Release|Any CPU.Build.0 = Release|Any CPU
		{AC2C4A9C-F7B8-4CF2-BCAF-09E5DDC3950C}.Release|x64.ActiveCfg = Release|Any CPU
		{AC2C4A9C-F7B8-4CF2-BCAF-09E5DDC3950C}.Release|x64.Build.0 = Release|Any CPU
		{AC2C4A9C-F7B8-4CF2-BCAF-09E5DDC3950C}.Release|x86.ActiveCfg = Release|x86
		{AC2C4A9C-F7B8-4CF2-BCAF-09E5DDC3950C}.Release|x86.Build.0 = Release|x86
		{1096F95E-9243-4A83-B49D-4C7CA08953B0}.Debug|Any CPU.ActiveCfg = Debug|Any CPU
		{1096F95E-9243-4A83-B49D-4C7CA08953B0}.Debug|Any CPU.Build.0 = Debug|Any CPU
		{1096F95E-9243-4A83-B49D-4C7CA08953B0}.Debug|x64.ActiveCfg = Debug|Any CPU
		{1096F95E-9243-4A83-B49D-4C7CA08953B0}.Debug|x64.Build.0 = Debug|Any CPU
		{1096F95E-9243-4A83-B49D-4C7CA08953B0}.Debug|x86.ActiveCfg = Debug|x86
		{1096F95E-9243-4A83-B49D-4C7CA08953B0}.Debug|x86.Build.0 = Debug|x86
		{1096F95E-9243-4A83-B49D-4C7CA08953B0}.Release|Any CPU.ActiveCfg = Release|Any CPU
		{1096F95E-9243-4A83-B49D-4C7CA08953B0}.Release|Any CPU.Build.0 = Release|Any CPU
		{1096F95E-9243-4A83-B49D-4C7CA08953B0}.Release|x64.ActiveCfg = Release|Any CPU
		{1096F95E-9243-4A83-B49D-4C7CA08953B0}.Release|x64.Build.0 = Release|Any CPU
		{1096F95E-9243-4A83-B49D-4C7CA08953B0}.Release|x86.ActiveCfg = Release|x86
		{1096F95E-9243-4A83-B49D-4C7CA08953B0}.Release|x86.Build.0 = Release|x86
		{C6355E51-EA29-4F63-AA5A-95D662984472}.Debug|Any CPU.ActiveCfg = Debug|Any CPU
		{C6355E51-EA29-4F63-AA5A-95D662984472}.Debug|Any CPU.Build.0 = Debug|Any CPU
		{C6355E51-EA29-4F63-AA5A-95D662984472}.Debug|x64.ActiveCfg = Debug|Any CPU
		{C6355E51-EA29-4F63-AA5A-95D662984472}.Debug|x64.Build.0 = Debug|Any CPU
		{C6355E51-EA29-4F63-AA5A-95D662984472}.Debug|x86.ActiveCfg = Debug|x86
		{C6355E51-EA29-4F63-AA5A-95D662984472}.Debug|x86.Build.0 = Debug|x86
		{C6355E51-EA29-4F63-AA5A-95D662984472}.Release|Any CPU.ActiveCfg = Release|Any CPU
		{C6355E51-EA29-4F63-AA5A-95D662984472}.Release|Any CPU.Build.0 = Release|Any CPU
		{C6355E51-EA29-4F63-AA5A-95D662984472}.Release|x64.ActiveCfg = Release|Any CPU
		{C6355E51-EA29-4F63-AA5A-95D662984472}.Release|x64.Build.0 = Release|Any CPU
		{C6355E51-EA29-4F63-AA5A-95D662984472}.Release|x86.ActiveCfg = Release|x86
		{C6355E51-EA29-4F63-AA5A-95D662984472}.Release|x86.Build.0 = Release|x86
		{2950A89E-62B6-4813-9000-2774DC6A5E92}.Debug|Any CPU.ActiveCfg = Debug|Any CPU
		{2950A89E-62B6-4813-9000-2774DC6A5E92}.Debug|Any CPU.Build.0 = Debug|Any CPU
		{2950A89E-62B6-4813-9000-2774DC6A5E92}.Debug|x64.ActiveCfg = Debug|Any CPU
		{2950A89E-62B6-4813-9000-2774DC6A5E92}.Debug|x64.Build.0 = Debug|Any CPU
		{2950A89E-62B6-4813-9000-2774DC6A5E92}.Debug|x86.ActiveCfg = Debug|x86
		{2950A89E-62B6-4813-9000-2774DC6A5E92}.Debug|x86.Build.0 = Debug|x86
		{2950A89E-62B6-4813-9000-2774DC6A5E92}.Release|Any CPU.ActiveCfg = Release|Any CPU
		{2950A89E-62B6-4813-9000-2774DC6A5E92}.Release|Any CPU.Build.0 = Release|Any CPU
		{2950A89E-62B6-4813-9000-2774DC6A5E92}.Release|x64.ActiveCfg = Release|Any CPU
		{2950A89E-62B6-4813-9000-2774DC6A5E92}.Release|x64.Build.0 = Release|Any CPU
		{2950A89E-62B6-4813-9000-2774DC6A5E92}.Release|x86.ActiveCfg = Release|x86
		{2950A89E-62B6-4813-9000-2774DC6A5E92}.Release|x86.Build.0 = Release|x86
		{C0B55752-5B78-48D5-9448-A0A029F12941}.Debug|Any CPU.ActiveCfg = Debug|Any CPU
		{C0B55752-5B78-48D5-9448-A0A029F12941}.Debug|Any CPU.Build.0 = Debug|Any CPU
		{C0B55752-5B78-48D5-9448-A0A029F12941}.Debug|x64.ActiveCfg = Debug|Any CPU
		{C0B55752-5B78-48D5-9448-A0A029F12941}.Debug|x64.Build.0 = Debug|Any CPU
		{C0B55752-5B78-48D5-9448-A0A029F12941}.Debug|x86.ActiveCfg = Debug|x86
		{C0B55752-5B78-48D5-9448-A0A029F12941}.Debug|x86.Build.0 = Debug|x86
		{C0B55752-5B78-48D5-9448-A0A029F12941}.Release|Any CPU.ActiveCfg = Release|Any CPU
		{C0B55752-5B78-48D5-9448-A0A029F12941}.Release|Any CPU.Build.0 = Release|Any CPU
		{C0B55752-5B78-48D5-9448-A0A029F12941}.Release|x64.ActiveCfg = Release|Any CPU
		{C0B55752-5B78-48D5-9448-A0A029F12941}.Release|x64.Build.0 = Release|Any CPU
		{C0B55752-5B78-48D5-9448-A0A029F12941}.Release|x86.ActiveCfg = Release|x86
		{C0B55752-5B78-48D5-9448-A0A029F12941}.Release|x86.Build.0 = Release|x86
		{42BFADB0-0F5C-4529-9F94-5B2CE19597DC}.Debug|Any CPU.ActiveCfg = Debug|Any CPU
		{42BFADB0-0F5C-4529-9F94-5B2CE19597DC}.Debug|Any CPU.Build.0 = Debug|Any CPU
		{42BFADB0-0F5C-4529-9F94-5B2CE19597DC}.Debug|x64.ActiveCfg = Debug|x64
		{42BFADB0-0F5C-4529-9F94-5B2CE19597DC}.Debug|x64.Build.0 = Debug|x64
		{42BFADB0-0F5C-4529-9F94-5B2CE19597DC}.Debug|x86.ActiveCfg = Debug|x86
		{42BFADB0-0F5C-4529-9F94-5B2CE19597DC}.Debug|x86.Build.0 = Debug|x86
		{42BFADB0-0F5C-4529-9F94-5B2CE19597DC}.Release|Any CPU.ActiveCfg = Release|Any CPU
		{42BFADB0-0F5C-4529-9F94-5B2CE19597DC}.Release|Any CPU.Build.0 = Release|Any CPU
		{42BFADB0-0F5C-4529-9F94-5B2CE19597DC}.Release|x64.ActiveCfg = Release|x64
		{42BFADB0-0F5C-4529-9F94-5B2CE19597DC}.Release|x64.Build.0 = Release|x64
		{42BFADB0-0F5C-4529-9F94-5B2CE19597DC}.Release|x86.ActiveCfg = Release|x86
		{42BFADB0-0F5C-4529-9F94-5B2CE19597DC}.Release|x86.Build.0 = Release|x86
	EndGlobalSection
	GlobalSection(SolutionProperties) = preSolution
		HideSolutionNode = FALSE
	EndGlobalSection
	GlobalSection(NestedProjects) = preSolution
		{2B562A12-41A6-4C1C-8A6E-721D7CE6A3BD} = {58FB94D9-06FA-434B-89B7-62F2D3D006DD}
		{146584BC-CF38-40A2-B0C0-67C596239D49} = {58FB94D9-06FA-434B-89B7-62F2D3D006DD}
		{5DEFF9B1-DA89-455D-83E5-E5B7256B6E6C} = {58FB94D9-06FA-434B-89B7-62F2D3D006DD}
		{76524441-ABB7-409B-BEED-6816F15D61F1} = {58FB94D9-06FA-434B-89B7-62F2D3D006DD}
		{A787909E-6A1D-4773-AE7C-D98D7931B9EB} = {B2CB6646-BBD7-425B-A891-DC3CD245DAE5}
		{F51DB8E5-114D-43A1-848B-E30ECE8597F3} = {B2CB6646-BBD7-425B-A891-DC3CD245DAE5}
		{E785238A-CA97-4357-A896-0E6EB63D6EA6} = {B2CB6646-BBD7-425B-A891-DC3CD245DAE5}
		{877560D7-BF3C-46E3-8866-EB0A848EB9C1} = {B2CB6646-BBD7-425B-A891-DC3CD245DAE5}
		{AC2C4A9C-F7B8-4CF2-BCAF-09E5DDC3950C} = {B2CB6646-BBD7-425B-A891-DC3CD245DAE5}
		{1096F95E-9243-4A83-B49D-4C7CA08953B0} = {B2CB6646-BBD7-425B-A891-DC3CD245DAE5}
		{C6355E51-EA29-4F63-AA5A-95D662984472} = {B2CB6646-BBD7-425B-A891-DC3CD245DAE5}
		{2950A89E-62B6-4813-9000-2774DC6A5E92} = {56085520-CDDE-4619-B1A9-3B7A882F4830}
		{C0B55752-5B78-48D5-9448-A0A029F12941} = {56085520-CDDE-4619-B1A9-3B7A882F4830}
		{42BFADB0-0F5C-4529-9F94-5B2CE19597DC} = {6A4F5C05-40CC-4A59-95D7-D3ACC2389975}
	EndGlobalSection
	GlobalSection(ExtensibilityGlobals) = postSolution
		SolutionGuid = {F17B0439-18B7-49D8-AFB1-F7111804FD38}
	EndGlobalSection
EndGlobal
